
Microsoft Visual Studio Solution File, Format Version 12.00
# Visual Studio Version 16
VisualStudioVersion = 16.0.32413.511
MinimumVisualStudioVersion = 10.0.40219.1
Project("{FAE04EC0-301F-11D3-BF4B-00C04F79EFBC}") = "BankDio", "BankDio\BankDio.csproj", "{8C724B28-18EC-4F4F-A8E3-B766D33D4DBF}"
EndProject
Global
	GlobalSection(SolutionConfigurationPlatforms) = preSolution
		Debug|Any CPU = Debug|Any CPU
		Release|Any CPU = Release|Any CPU
	EndGlobalSection
	GlobalSection(ProjectConfigurationPlatforms) = postSolution
		{8C724B28-18EC-4F4F-A8E3-B766D33D4DBF}.Debug|Any CPU.ActiveCfg = Debug|Any CPU
		{8C724B28-18EC-4F4F-A8E3-B766D33D4DBF}.Debug|Any CPU.Build.0 = Debug|Any CPU
		{8C724B28-18EC-4F4F-A8E3-B766D33D4DBF}.Release|Any CPU.ActiveCfg = Release|Any CPU
		{8C724B28-18EC-4F4F-A8E3-B766D33D4DBF}.Release|Any CPU.Build.0 = Release|Any CPU
	EndGlobalSection
	GlobalSection(SolutionProperties) = preSolution
		HideSolutionNode = FALSE
	EndGlobalSection
	GlobalSection(ExtensibilityGlobals) = postSolution
		SolutionGuid = {3A1B2BEF-D78A-46F6-A506-D762251FEB7F}
	EndGlobalSection
EndGlobal
